// !$*UTF8*$!
{
	archiveVersion = 1;
	classes = {
	};
	objectVersion = 46;
	objects = {

/* Begin PBXBuildFile section */
		0134810D1AF563560085731A /* KGHitTestingView.m in Sources */ = {isa = PBXBuildFile; fileRef = 0134810C1AF563560085731A /* KGHitTestingView.m */; };
		013481101AF5636F0085731A /* KGHitTestingButton.m in Sources */ = {isa = PBXBuildFile; fileRef = 0134810F1AF5636F0085731A /* KGHitTestingButton.m */; };
		013481131AF564260085731A /* KGHitTestingHelper.m in Sources */ = {isa = PBXBuildFile; fileRef = 013481121AF564260085731A /* KGHitTestingHelper.m */; };
		01B610B11AF561C6001BCC44 /* main.m in Sources */ = {isa = PBXBuildFile; fileRef = 01B610B01AF561C6001BCC44 /* main.m */; };
		01B610B41AF561C6001BCC44 /* AppDelegate.m in Sources */ = {isa = PBXBuildFile; fileRef = 01B610B31AF561C6001BCC44 /* AppDelegate.m */; };
		01B610B71AF561C6001BCC44 /* ViewController.m in Sources */ = {isa = PBXBuildFile; fileRef = 01B610B61AF561C6001BCC44 /* ViewController.m */; };
		01B610BA1AF561C6001BCC44 /* Main.storyboard in Resources */ = {isa = PBXBuildFile; fileRef = 01B610B81AF561C6001BCC44 /* Main.storyboard */; };
		01B610BC1AF561C6001BCC44 /* Images.xcassets in Resources */ = {isa = PBXBuildFile; fileRef = 01B610BB1AF561C6001BCC44 /* Images.xcassets */; };
		01B610BF1AF561C6001BCC44 /* LaunchScreen.xib in Resources */ = {isa = PBXBuildFile; fileRef = 01B610BD1AF561C6001BCC44 /* LaunchScreen.xib */; };
		01B610CB1AF561C6001BCC44 /* KGHitTestingViewsExampleTests.m in Sources */ = {isa = PBXBuildFile; fileRef = 01B610CA1AF561C6001BCC44 /* KGHitTestingViewsExampleTests.m */; };
/* End PBXBuildFile section */

/* Begin PBXContainerItemProxy section */
		01B610C51AF561C6001BCC44 /* PBXContainerItemProxy */ = {
			isa = PBXContainerItemProxy;
			containerPortal = 01B610A31AF561C6001BCC44 /* Project object */;
			proxyType = 1;
			remoteGlobalIDString = 01B610AA1AF561C6001BCC44;
			remoteInfo = KGHitTestingViewsExample;
		};
/* End PBXContainerItemProxy section */

/* Begin PBXFileReference section */
		0124079D1B0056F300B377D8 /* KGHitTesting.h */ = {isa = PBXFileReference; lastKnownFileType = sourcecode.c.h; path = KGHitTesting.h; sourceTree = "<group>"; };
		0134810B1AF563560085731A /* KGHitTestingView.h */ = {isa = PBXFileReference; fileEncoding = 4; lastKnownFileType = sourcecode.c.h; path = KGHitTestingView.h; sourceTree = "<group>"; };
		0134810C1AF563560085731A /* KGHitTestingView.m */ = {isa = PBXFileReference; fileEncoding = 4; lastKnownFileType = sourcecode.c.objc; path = KGHitTestingView.m; sourceTree = "<group>"; };
		0134810E1AF5636F0085731A /* KGHitTestingButton.h */ = {isa = PBXFileReference; fileEncoding = 4; lastKnownFileType = sourcecode.c.h; path = KGHitTestingButton.h; sourceTree = "<group>"; };
		0134810F1AF5636F0085731A /* KGHitTestingButton.m */ = {isa = PBXFileReference; fileEncoding = 4; lastKnownFileType = sourcecode.c.objc; path = KGHitTestingButton.m; sourceTree = "<group>"; };
		013481111AF564260085731A /* KGHitTestingHelper.h */ = {isa = PBXFileReference; fileEncoding = 4; lastKnownFileType = sourcecode.c.h; path = KGHitTestingHelper.h; sourceTree = "<group>"; };
		013481121AF564260085731A /* KGHitTestingHelper.m */ = {isa = PBXFileReference; fileEncoding = 4; lastKnownFileType = sourcecode.c.objc; path = KGHitTestingHelper.m; sourceTree = "<group>"; };
		01B610AB1AF561C6001BCC44 /* KGHitTestingViewsExample.app */ = {isa = PBXFileReference; explicitFileType = wrapper.application; includeInIndex = 0; path = KGHitTestingViewsExample.app; sourceTree = BUILT_PRODUCTS_DIR; };
		01B610AF1AF561C6001BCC44 /* Info.plist */ = {isa = PBXFileReference; lastKnownFileType = text.plist.xml; path = Info.plist; sourceTree = "<group>"; };
		01B610B01AF561C6001BCC44 /* main.m */ = {isa = PBXFileReference; lastKnownFileType = sourcecode.c.objc; path = main.m; sourceTree = "<group>"; };
		01B610B21AF561C6001BCC44 /* AppDelegate.h */ = {isa = PBXFileReference; lastKnownFileType = sourcecode.c.h; path = AppDelegate.h; sourceTree = "<group>"; };
		01B610B31AF561C6001BCC44 /* AppDelegate.m */ = {isa = PBXFileReference; lastKnownFileType = sourcecode.c.objc; path = AppDelegate.m; sourceTree = "<group>"; };
		01B610B51AF561C6001BCC44 /* ViewController.h */ = {isa = PBXFileReference; lastKnownFileType = sourcecode.c.h; path = ViewController.h; sourceTree = "<group>"; };
		01B610B61AF561C6001BCC44 /* ViewController.m */ = {isa = PBXFileReference; lastKnownFileType = sourcecode.c.objc; path = ViewController.m; sourceTree = "<group>"; };
		01B610B91AF561C6001BCC44 /* Base */ = {isa = PBXFileReference; lastKnownFileType = file.storyboard; name = Base; path = Base.lproj/Main.storyboard; sourceTree = "<group>"; };
		01B610BB1AF561C6001BCC44 /* Images.xcassets */ = {isa = PBXFileReference; lastKnownFileType = folder.assetcatalog; path = Images.xcassets; sourceTree = "<group>"; };
		01B610BE1AF561C6001BCC44 /* Base */ = {isa = PBXFileReference; lastKnownFileType = file.xib; name = Base; path = Base.lproj/LaunchScreen.xib; sourceTree = "<group>"; };
		01B610C41AF561C6001BCC44 /* KGHitTestingViewsExampleTests.xctest */ = {isa = PBXFileReference; explicitFileType = wrapper.cfbundle; includeInIndex = 0; path = KGHitTestingViewsExampleTests.xctest; sourceTree = BUILT_PRODUCTS_DIR; };
		01B610C91AF561C6001BCC44 /* Info.plist */ = {isa = PBXFileReference; lastKnownFileType = text.plist.xml; path = Info.plist; sourceTree = "<group>"; };
		01B610CA1AF561C6001BCC44 /* KGHitTestingViewsExampleTests.m */ = {isa = PBXFileReference; lastKnownFileType = sourcecode.c.objc; path = KGHitTestingViewsExampleTests.m; sourceTree = "<group>"; };
/* End PBXFileReference section */

/* Begin PBXFrameworksBuildPhase section */
		01B610A81AF561C6001BCC44 /* Frameworks */ = {
			isa = PBXFrameworksBuildPhase;
			buildActionMask = 2147483647;
			files = (
			);
			runOnlyForDeploymentPostprocessing = 0;
		};
		01B610C11AF561C6001BCC44 /* Frameworks */ = {
			isa = PBXFrameworksBuildPhase;
			buildActionMask = 2147483647;
			files = (
			);
			runOnlyForDeploymentPostprocessing = 0;
		};
/* End PBXFrameworksBuildPhase section */

/* Begin PBXGroup section */
		0134810A1AF563210085731A /* KGHitTestingViews */ = {
			isa = PBXGroup;
			children = (
				0124079D1B0056F300B377D8 /* KGHitTesting.h */,
				0134810B1AF563560085731A /* KGHitTestingView.h */,
				0134810C1AF563560085731A /* KGHitTestingView.m */,
				0134810E1AF5636F0085731A /* KGHitTestingButton.h */,
				0134810F1AF5636F0085731A /* KGHitTestingButton.m */,
				013481111AF564260085731A /* KGHitTestingHelper.h */,
				013481121AF564260085731A /* KGHitTestingHelper.m */,
			);
			name = KGHitTestingViews;
			path = ../../KGHitTestingViews;
			sourceTree = "<group>";
		};
		01B610A21AF561C6001BCC44 = {
			isa = PBXGroup;
			children = (
				01B610AD1AF561C6001BCC44 /* KGHitTestingViewsExample */,
				01B610C71AF561C6001BCC44 /* KGHitTestingViewsExampleTests */,
				01B610AC1AF561C6001BCC44 /* Products */,
			);
			sourceTree = "<group>";
		};
		01B610AC1AF561C6001BCC44 /* Products */ = {
			isa = PBXGroup;
			children = (
				01B610AB1AF561C6001BCC44 /* KGHitTestingViewsExample.app */,
				01B610C41AF561C6001BCC44 /* KGHitTestingViewsExampleTests.xctest */,
			);
			name = Products;
			sourceTree = "<group>";
		};
		01B610AD1AF561C6001BCC44 /* KGHitTestingViewsExample */ = {
			isa = PBXGroup;
			children = (
				01B610B21AF561C6001BCC44 /* AppDelegate.h */,
				01B610B31AF561C6001BCC44 /* AppDelegate.m */,
				01B610B81AF561C6001BCC44 /* Main.storyboard */,
				01B610B51AF561C6001BCC44 /* ViewController.h */,
				01B610B61AF561C6001BCC44 /* ViewController.m */,
				01B610BB1AF561C6001BCC44 /* Images.xcassets */,
				01B610BD1AF561C6001BCC44 /* LaunchScreen.xib */,
				0134810A1AF563210085731A /* KGHitTestingViews */,
				01B610AE1AF561C6001BCC44 /* Supporting Files */,
			);
			path = KGHitTestingViewsExample;
			sourceTree = "<group>";
		};
		01B610AE1AF561C6001BCC44 /* Supporting Files */ = {
			isa = PBXGroup;
			children = (
				01B610AF1AF561C6001BCC44 /* Info.plist */,
				01B610B01AF561C6001BCC44 /* main.m */,
			);
			name = "Supporting Files";
			sourceTree = "<group>";
		};
		01B610C71AF561C6001BCC44 /* KGHitTestingViewsExampleTests */ = {
			isa = PBXGroup;
			children = (
				01B610CA1AF561C6001BCC44 /* KGHitTestingViewsExampleTests.m */,
				01B610C81AF561C6001BCC44 /* Supporting Files */,
			);
			path = KGHitTestingViewsExampleTests;
			sourceTree = "<group>";
		};
		01B610C81AF561C6001BCC44 /* Supporting Files */ = {
			isa = PBXGroup;
			children = (
				01B610C91AF561C6001BCC44 /* Info.plist */,
			);
			name = "Supporting Files";
			sourceTree = "<group>";
		};
/* End PBXGroup section */

/* Begin PBXNativeTarget section */
		01B610AA1AF561C6001BCC44 /* KGHitTestingViewsExample */ = {
			isa = PBXNativeTarget;
			buildConfigurationList = 01B610CE1AF561C6001BCC44 /* Build configuration list for PBXNativeTarget "KGHitTestingViewsExample" */;
			buildPhases = (
				01B610A71AF561C6001BCC44 /* Sources */,
				01B610A81AF561C6001BCC44 /* Frameworks */,
				01B610A91AF561C6001BCC44 /* Resources */,
			);
			buildRules = (
			);
			dependencies = (
			);
			name = KGHitTestingViewsExample;
			productName = KGHitTestingViewsExample;
			productReference = 01B610AB1AF561C6001BCC44 /* KGHitTestingViewsExample.app */;
			productType = "com.apple.product-type.application";
		};
		01B610C31AF561C6001BCC44 /* KGHitTestingViewsExampleTests */ = {
			isa = PBXNativeTarget;
			buildConfigurationList = 01B610D11AF561C6001BCC44 /* Build configuration list for PBXNativeTarget "KGHitTestingViewsExampleTests" */;
			buildPhases = (
				01B610C01AF561C6001BCC44 /* Sources */,
				01B610C11AF561C6001BCC44 /* Frameworks */,
				01B610C21AF561C6001BCC44 /* Resources */,
			);
			buildRules = (
			);
			dependencies = (
				01B610C61AF561C6001BCC44 /* PBXTargetDependency */,
			);
			name = KGHitTestingViewsExampleTests;
			productName = KGHitTestingViewsExampleTests;
			productReference = 01B610C41AF561C6001BCC44 /* KGHitTestingViewsExampleTests.xctest */;
			productType = "com.apple.product-type.bundle.unit-test";
		};
/* End PBXNativeTarget section */

/* Begin PBXProject section */
		01B610A31AF561C6001BCC44 /* Project object */ = {
			isa = PBXProject;
			attributes = {
				LastUpgradeCheck = 0630;
				ORGANIZATIONNAME = "Krisjanis Gaidis";
				TargetAttributes = {
					01B610AA1AF561C6001BCC44 = {
						CreatedOnToolsVersion = 6.3.1;
					};
					01B610C31AF561C6001BCC44 = {
						CreatedOnToolsVersion = 6.3.1;
						TestTargetID = 01B610AA1AF561C6001BCC44;
					};
				};
			};
			buildConfigurationList = 01B610A61AF561C6001BCC44 /* Build configuration list for PBXProject "KGHitTestingViewsExample" */;
			compatibilityVersion = "Xcode 3.2";
			developmentRegion = English;
			hasScannedForEncodings = 0;
			knownRegions = (
				en,
				Base,
			);
			mainGroup = 01B610A21AF561C6001BCC44;
			productRefGroup = 01B610AC1AF561C6001BCC44 /* Products */;
			projectDirPath = "";
			projectRoot = "";
			targets = (
				01B610AA1AF561C6001BCC44 /* KGHitTestingViewsExample */,
				01B610C31AF561C6001BCC44 /* KGHitTestingViewsExampleTests */,
			);
		};
/* End PBXProject section */

/* Begin PBXResourcesBuildPhase section */
		01B610A91AF561C6001BCC44 /* Resources */ = {
			isa = PBXResourcesBuildPhase;
			buildActionMask = 2147483647;
			files = (
				01B610BA1AF561C6001BCC44 /* Main.storyboard in Resources */,
				01B610BF1AF561C6001BCC44 /* LaunchScreen.xib in Resources */,
				01B610BC1AF561C6001BCC44 /* Images.xcassets in Resources */,
			);
			runOnlyForDeploymentPostprocessing = 0;
		};
		01B610C21AF561C6001BCC44 /* Resources */ = {
			isa = PBXResourcesBuildPhase;
			buildActionMask = 2147483647;
			files = (
			);
			runOnlyForDeploymentPostprocessing = 0;
		};
/* End PBXResourcesBuildPhase section */

/* Begin PBXSourcesBuildPhase section */
		01B610A71AF561C6001BCC44 /* Sources */ = {
			isa = PBXSourcesBuildPhase;
			buildActionMask = 2147483647;
			files = (
				01B610B71AF561C6001BCC44 /* ViewController.m in Sources */,
				0134810D1AF563560085731A /* KGHitTestingView.m in Sources */,
				013481131AF564260085731A /* KGHitTestingHelper.m in Sources */,
				01B610B41AF561C6001BCC44 /* AppDelegate.m in Sources */,
				01B610B11AF561C6001BCC44 /* main.m in Sources */,
				013481101AF5636F0085731A /* KGHitTestingButton.m in Sources */,
			);
			runOnlyForDeploymentPostprocessing = 0;
		};
		01B610C01AF561C6001BCC44 /* Sources */ = {
			isa = PBXSourcesBuildPhase;
			buildActionMask = 2147483647;
			files = (
				01B610CB1AF561C6001BCC44 /* KGHitTestingViewsExampleTests.m in Sources */,
			);
			runOnlyForDeploymentPostprocessing = 0;
		};
/* End PBXSourcesBuildPhase section */

/* Begin PBXTargetDependency section */
		01B610C61AF561C6001BCC44 /* PBXTargetDependency */ = {
			isa = PBXTargetDependency;
			target = 01B610AA1AF561C6001BCC44 /* KGHitTestingViewsExample */;
			targetProxy = 01B610C51AF561C6001BCC44 /* PBXContainerItemProxy */;
		};
/* End PBXTargetDependency section */

/* Begin PBXVariantGroup section */
		01B610B81AF561C6001BCC44 /* Main.storyboard */ = {
			isa = PBXVariantGroup;
			children = (
				01B610B91AF561C6001BCC44 /* Base */,
			);
			name = Main.storyboard;
			sourceTree = "<group>";
		};
		01B610BD1AF561C6001BCC44 /* LaunchScreen.xib */ = {
			isa = PBXVariantGroup;
			children = (
				01B610BE1AF561C6001BCC44 /* Base */,
			);
			name = LaunchScreen.xib;
			sourceTree = "<group>";
		};
/* End PBXVariantGroup section */

/* Begin XCBuildConfiguration section */
		01B610CC1AF561C6001BCC44 /* Debug */ = {
			isa = XCBuildConfiguration;
			buildSettings = {
				ALWAYS_SEARCH_USER_PATHS = NO;
				CLANG_CXX_LANGUAGE_STANDARD = "gnu++0x";
				CLANG_CXX_LIBRARY = "libc++";
				CLANG_ENABLE_MODULES = YES;
				CLANG_ENABLE_OBJC_ARC = YES;
				CLANG_WARN_BOOL_CONVERSION = YES;
				CLANG_WARN_CONSTANT_CONVERSION = YES;
				CLANG_WARN_DIRECT_OBJC_ISA_USAGE = YES_ERROR;
				CLANG_WARN_EMPTY_BODY = YES;
				CLANG_WARN_ENUM_CONVERSION = YES;
				CLANG_WARN_INT_CONVERSION = YES;
				CLANG_WARN_OBJC_ROOT_CLASS = YES_ERROR;
				CLANG_WARN_UNREACHABLE_CODE = YES;
				CLANG_WARN__DUPLICATE_METHOD_MATCH = YES;
				"CODE_SIGN_IDENTITY[sdk=iphoneos*]" = "iPhone Developer";
				COPY_PHASE_STRIP = NO;
				DEBUG_INFORMATION_FORMAT = "dwarf-with-dsym";
				ENABLE_STRICT_OBJC_MSGSEND = YES;
				GCC_C_LANGUAGE_STANDARD = gnu99;
				GCC_DYNAMIC_NO_PIC = NO;
				GCC_NO_COMMON_BLOCKS = YES;
				GCC_OPTIMIZATION_LEVEL = 0;
				GCC_PREPROCESSOR_DEFINITIONS = (
					"DEBUG=1",
					"$(inherited)",
				);
				GCC_SYMBOLS_PRIVATE_EXTERN = NO;
				GCC_WARN_64_TO_32_BIT_CONVERSION = YES;
				GCC_WARN_ABOUT_RETURN_TYPE = YES_ERROR;
				GCC_WARN_UNDECLARED_SELECTOR = YES;
				GCC_WARN_UNINITIALIZED_AUTOS = YES_AGGRESSIVE;
				GCC_WARN_UNUSED_FUNCTION = YES;
				GCC_WARN_UNUSED_VARIABLE = YES;
				IPHONEOS_DEPLOYMENT_TARGET = 8.3;
				MTL_ENABLE_DEBUG_INFO = YES;
				ONLY_ACTIVE_ARCH = YES;
				SDKROOT = iphoneos;
			};
			name = Debug;
		};
		01B610CD1AF561C6001BCC44 /* Release */ = {
			isa = XCBuildConfiguration;
			buildSettings = {
				ALWAYS_SEARCH_USER_PATHS = NO;
				CLANG_CXX_LANGUAGE_STANDARD = "gnu++0x";
				CLANG_CXX_LIBRARY = "libc++";
				CLANG_ENABLE_MODULES = YES;
				CLANG_ENABLE_OBJC_ARC = YES;
				CLANG_WARN_BOOL_CONVERSION = YES;
				CLANG_WARN_CONSTANT_CONVERSION = YES;
				CLANG_WARN_DIRECT_OBJC_ISA_USAGE = YES_ERROR;
				CLANG_WARN_EMPTY_BODY = YES;
				CLANG_WARN_ENUM_CONVERSION = YES;
				CLANG_WARN_INT_CONVERSION = YES;
				CLANG_WARN_OBJC_ROOT_CLASS = YES_ERROR;
				CLANG_WARN_UNREACHABLE_CODE = YES;
				CLANG_WARN__DUPLICATE_METHOD_MATCH = YES;
				"CODE_SIGN_IDENTITY[sdk=iphoneos*]" = "iPhone Developer";
				COPY_PHASE_STRIP = NO;
				DEBUG_INFORMATION_FORMAT = "dwarf-with-dsym";
				ENABLE_NS_ASSERTIONS = NO;
				ENABLE_STRICT_OBJC_MSGSEND = YES;
				GCC_C_LANGUAGE_STANDARD = gnu99;
				GCC_NO_COMMON_BLOCKS = YES;
				GCC_WARN_64_TO_32_BIT_CONVERSION = YES;
				GCC_WARN_ABOUT_RETURN_TYPE = YES_ERROR;
				GCC_WARN_UNDECLARED_SELECTOR = YES;
				GCC_WARN_UNINITIALIZED_AUTOS = YES_AGGRESSIVE;
				GCC_WARN_UNUSED_FUNCTION = YES;
				GCC_WARN_UNUSED_VARIABLE = YES;
				IPHONEOS_DEPLOYMENT_TARGET = 8.3;
				MTL_ENABLE_DEBUG_INFO = NO;
				SDKROOT = iphoneos;
				VALIDATE_PRODUCT = YES;
			};
			name = Release;
		};
		01B610CF1AF561C6001BCC44 /* Debug */ = {
			isa = XCBuildConfiguration;
			buildSettings = {
				ASSETCATALOG_COMPILER_APPICON_NAME = AppIcon;
				ASSETCATALOG_COMPILER_LAUNCHIMAGE_NAME = LaunchImage;
				INFOPLIST_FILE = KGHitTestingViewsExample/Info.plist;
				IPHONEOS_DEPLOYMENT_TARGET = 6.0;
				LD_RUNPATH_SEARCH_PATHS = "$(inherited) @executable_path/Frameworks";
				PRODUCT_NAME = "$(TARGET_NAME)";
			};
			name = Debug;
		};
		01B610D01AF561C6001BCC44 /* Release */ = {
			isa = XCBuildConfiguration;
			buildSettings = {
				ASSETCATALOG_COMPILER_APPICON_NAME = AppIcon;
				ASSETCATALOG_COMPILER_LAUNCHIMAGE_NAME = LaunchImage;
				INFOPLIST_FILE = KGHitTestingViewsExample/Info.plist;
				IPHONEOS_DEPLOYMENT_TARGET = 6.0;
				LD_RUNPATH_SEARCH_PATHS = "$(inherited) @executable_path/Frameworks";
				PRODUCT_NAME = "$(TARGET_NAME)";
			};
			name = Release;
		};
		01B610D21AF561C6001BCC44 /* Debug */ = {
			isa = XCBuildConfiguration;
			buildSettings = {
				BUNDLE_LOADER = "$(TEST_HOST)";
				FRAMEWORK_SEARCH_PATHS = (
					"$(SDKROOT)/Developer/Library/Frameworks",
					"$(inherited)",
				);
				GCC_PREPROCESSOR_DEFINITIONS = (
					"DEBUG=1",
					"$(inherited)",
				);
				INFOPLIST_FILE = KGHitTestingViewsExampleTests/Info.plist;
				LD_RUNPATH_SEARCH_PATHS = "$(inherited) @executable_path/Frameworks @loader_path/Frameworks";
				PRODUCT_NAME = "$(TARGET_NAME)";
				TEST_HOST = "$(BUILT_PRODUCTS_DIR)/KGHitTestingViewsExample.app/KGHitTestingViewsExample";
			};
			name = Debug;
		};
		01B610D31AF561C6001BCC44 /* Release */ = {
			isa = XCBuildConfiguration;
			buildSettings = {
				BUNDLE_LOADER = "$(TEST_HOST)";
				FRAMEWORK_SEARCH_PATHS = (
					"$(SDKROOT)/Developer/Library/Frameworks",
					"$(inherited)",
				);
				INFOPLIST_FILE = KGHitTestingViewsExampleTests/Info.plist;
				LD_RUNPATH_SEARCH_PATHS = "$(inherited) @executable_path/Frameworks @loader_path/Frameworks";
				PRODUCT_NAME = "$(TARGET_NAME)";
				TEST_HOST = "$(BUILT_PRODUCTS_DIR)/KGHitTestingViewsExample.app/KGHitTestingViewsExample";
			};
			name = Release;
		};
/* End XCBuildConfiguration section */

/* Begin XCConfigurationList section */
		01B610A61AF561C6001BCC44 /* Build configuration list for PBXProject "KGHitTestingViewsExample" */ = {
			isa = XCConfigurationList;
			buildConfigurations = (
				01B610CC1AF561C6001BCC44 /* Debug */,
				01B610CD1AF561C6001BCC44 /* Release */,
			);
			defaultConfigurationIsVisible = 0;
			defaultConfigurationName = Release;
		};
		01B610CE1AF561C6001BCC44 /* Build configuration list for PBXNativeTarget "KGHitTestingViewsExample" */ = {
			isa = XCConfigurationList;
			buildConfigurations = (
				01B610CF1AF561C6001BCC44 /* Debug */,
				01B610D01AF561C6001BCC44 /* Release */,
			);
			defaultConfigurationIsVisible = 0;
			defaultConfigurationName = Release;
		};
		01B610D11AF561C6001BCC44 /* Build configuration list for PBXNativeTarget "KGHitTestingViewsExampleTests" */ = {
			isa = XCConfigurationList;
			buildConfigurations = (
				01B610D21AF561C6001BCC44 /* Debug */,
				01B610D31AF561C6001BCC44 /* Release */,
			);
			defaultConfigurationIsVisible = 0;
			defaultConfigurationName = Release;
		};
/* End XCConfigurationList section */
	};
	rootObject = 01B610A31AF561C6001BCC44 /* Project object */;
}
